
Microsoft Visual Studio Solution File, Format Version 12.00
# Visual Studio Version 17
VisualStudioVersion = 17.10.34607.79
MinimumVisualStudioVersion = 10.0.40219.1
Project("{9A19103F-16F7-4668-BE54-9A1E7A4F7556}") = "OnlineStore.Web", "OnlineStore.Web\OnlineStore.Web.csproj", "{D72E403D-EE86-4029-ABF9-599BE6391766}"
EndProject
Project("{FAE04EC0-301F-11D3-BF4B-00C04F79EFBC}") = "OnlineStore.Data", "OnlineStore.Data\OnlineStore.Data.csproj", "{B34AC9AF-CB7D-43D5-AFAC-A6BB8B572236}"
EndProject
Global
	GlobalSection(SolutionConfigurationPlatforms) = preSolution
		Debug|Any CPU = Debug|Any CPU
		Release|Any CPU = Release|Any CPU
	EndGlobalSection
	GlobalSection(ProjectConfigurationPlatforms) = postSolution
		{D72E403D-EE86-4029-ABF9-599BE6391766}.Debug|Any CPU.ActiveCfg = Debug|Any CPU
		{D72E403D-EE86-4029-ABF9-599BE6391766}.Debug|Any CPU.Build.0 = Debug|Any CPU
		{D72E403D-EE86-4029-ABF9-599BE6391766}.Release|Any CPU.ActiveCfg = Release|Any CPU
		{D72E403D-EE86-4029-ABF9-599BE6391766}.Release|Any CPU.Build.0 = Release|Any CPU
		{B34AC9AF-CB7D-43D5-AFAC-A6BB8B572236}.Debug|Any CPU.ActiveCfg = Debug|Any CPU
		{B34AC9AF-CB7D-43D5-AFAC-A6BB8B572236}.Debug|Any CPU.Build.0 = Debug|Any CPU
		{B34AC9AF-CB7D-43D5-AFAC-A6BB8B572236}.Release|Any CPU.ActiveCfg = Release|Any CPU
		{B34AC9AF-CB7D-43D5-AFAC-A6BB8B572236}.Release|Any CPU.Build.0 = Release|Any CPU
	EndGlobalSection
	GlobalSection(SolutionProperties) = preSolution
		HideSolutionNode = FALSE
	EndGlobalSection
	GlobalSection(ExtensibilityGlobals) = postSolution
		SolutionGuid = {F5C7AB75-8C84-4574-AE8B-266F7C7728B6}
	EndGlobalSection
EndGlobal
